// !$*UTF8*$!
{
	archiveVersion = 1;
	classes = {
	};
	objectVersion = 56;
	objects = {

/* Begin PBXBuildFile section */
		5D359A492AD73B3F002BA943 /* AppDelegate.swift in Sources */ = {isa = PBXBuildFile; fileRef = 5D359A482AD73B3F002BA943 /* AppDelegate.swift */; };
		5D359A4B2AD73B3F002BA943 /* SceneDelegate.swift in Sources */ = {isa = PBXBuildFile; fileRef = 5D359A4A2AD73B3F002BA943 /* SceneDelegate.swift */; };
		5D359A4D2AD73B3F002BA943 /* ViewController.swift in Sources */ = {isa = PBXBuildFile; fileRef = 5D359A4C2AD73B3F002BA943 /* ViewController.swift */; };
		5D359A502AD73B3F002BA943 /* Main.storyboard in Resources */ = {isa = PBXBuildFile; fileRef = 5D359A4E2AD73B3F002BA943 /* Main.storyboard */; };
		5D359A532AD73B3F002BA943 /* CoreDataApp.xcdatamodeld in Sources */ = {isa = PBXBuildFile; fileRef = 5D359A512AD73B3F002BA943 /* CoreDataApp.xcdatamodeld */; };
		5D359A552AD73B41002BA943 /* Assets.xcassets in Resources */ = {isa = PBXBuildFile; fileRef = 5D359A542AD73B41002BA943 /* Assets.xcassets */; };
		5D359A582AD73B41002BA943 /* LaunchScreen.storyboard in Resources */ = {isa = PBXBuildFile; fileRef = 5D359A562AD73B41002BA943 /* LaunchScreen.storyboard */; };
		5D359A632AD73B41002BA943 /* CoreDataAppTests.swift in Sources */ = {isa = PBXBuildFile; fileRef = 5D359A622AD73B41002BA943 /* CoreDataAppTests.swift */; };
		5D359A6D2AD73B41002BA943 /* CoreDataAppUITests.swift in Sources */ = {isa = PBXBuildFile; fileRef = 5D359A6C2AD73B41002BA943 /* CoreDataAppUITests.swift */; };
		5D359A6F2AD73B41002BA943 /* CoreDataAppUITestsLaunchTests.swift in Sources */ = {isa = PBXBuildFile; fileRef = 5D359A6E2AD73B41002BA943 /* CoreDataAppUITestsLaunchTests.swift */; };
/* End PBXBuildFile section */

/* Begin PBXContainerItemProxy section */
		5D359A5F2AD73B41002BA943 /* PBXContainerItemProxy */ = {
			isa = PBXContainerItemProxy;
			containerPortal = 5D359A3D2AD73B3F002BA943 /* Project object */;
			proxyType = 1;
			remoteGlobalIDString = 5D359A442AD73B3F002BA943;
			remoteInfo = CoreDataApp;
		};
		5D359A692AD73B41002BA943 /* PBXContainerItemProxy */ = {
			isa = PBXContainerItemProxy;
			containerPortal = 5D359A3D2AD73B3F002BA943 /* Project object */;
			proxyType = 1;
			remoteGlobalIDString = 5D359A442AD73B3F002BA943;
			remoteInfo = CoreDataApp;
		};
/* End PBXContainerItemProxy section */

/* Begin PBXFileReference section */
		5D359A452AD73B3F002BA943 /* CoreDataApp.app */ = {isa = PBXFileReference; explicitFileType = wrapper.application; includeInIndex = 0; path = CoreDataApp.app; sourceTree = BUILT_PRODUCTS_DIR; };
		5D359A482AD73B3F002BA943 /* AppDelegate.swift */ = {isa = PBXFileReference; lastKnownFileType = sourcecode.swift; path = AppDelegate.swift; sourceTree = "<group>"; };
		5D359A4A2AD73B3F002BA943 /* SceneDelegate.swift */ = {isa = PBXFileReference; lastKnownFileType = sourcecode.swift; path = SceneDelegate.swift; sourceTree = "<group>"; };
		5D359A4C2AD73B3F002BA943 /* ViewController.swift */ = {isa = PBXFileReference; lastKnownFileType = sourcecode.swift; path = ViewController.swift; sourceTree = "<group>"; };
		5D359A4F2AD73B3F002BA943 /* Base */ = {isa = PBXFileReference; lastKnownFileType = file.storyboard; name = Base; path = Base.lproj/Main.storyboard; sourceTree = "<group>"; };
		5D359A522AD73B3F002BA943 /* CoreDataApp.xcdatamodel */ = {isa = PBXFileReference; lastKnownFileType = wrapper.xcdatamodel; path = CoreDataApp.xcdatamodel; sourceTree = "<group>"; };
		5D359A542AD73B41002BA943 /* Assets.xcassets */ = {isa = PBXFileReference; lastKnownFileType = folder.assetcatalog; path = Assets.xcassets; sourceTree = "<group>"; };
		5D359A572AD73B41002BA943 /* Base */ = {isa = PBXFileReference; lastKnownFileType = file.storyboard; name = Base; path = Base.lproj/LaunchScreen.storyboard; sourceTree = "<group>"; };
		5D359A592AD73B41002BA943 /* Info.plist */ = {isa = PBXFileReference; lastKnownFileType = text.plist.xml; path = Info.plist; sourceTree = "<group>"; };
		5D359A5E2AD73B41002BA943 /* CoreDataAppTests.xctest */ = {isa = PBXFileReference; explicitFileType = wrapper.cfbundle; includeInIndex = 0; path = CoreDataAppTests.xctest; sourceTree = BUILT_PRODUCTS_DIR; };
		5D359A622AD73B41002BA943 /* CoreDataAppTests.swift */ = {isa = PBXFileReference; lastKnownFileType = sourcecode.swift; path = CoreDataAppTests.swift; sourceTree = "<group>"; };
		5D359A682AD73B41002BA943 /* CoreDataAppUITests.xctest */ = {isa = PBXFileReference; explicitFileType = wrapper.cfbundle; includeInIndex = 0; path = CoreDataAppUITests.xctest; sourceTree = BUILT_PRODUCTS_DIR; };
		5D359A6C2AD73B41002BA943 /* CoreDataAppUITests.swift */ = {isa = PBXFileReference; lastKnownFileType = sourcecode.swift; path = CoreDataAppUITests.swift; sourceTree = "<group>"; };
		5D359A6E2AD73B41002BA943 /* CoreDataAppUITestsLaunchTests.swift */ = {isa = PBXFileReference; lastKnownFileType = sourcecode.swift; path = CoreDataAppUITestsLaunchTests.swift; sourceTree = "<group>"; };
/* End PBXFileReference section */

/* Begin PBXFrameworksBuildPhase section */
		5D359A422AD73B3F002BA943 /* Frameworks */ = {
			isa = PBXFrameworksBuildPhase;
			buildActionMask = 2147483647;
			files = (
			);
			runOnlyForDeploymentPostprocessing = 0;
		};
		5D359A5B2AD73B41002BA943 /* Frameworks */ = {
			isa = PBXFrameworksBuildPhase;
			buildActionMask = 2147483647;
			files = (
			);
			runOnlyForDeploymentPostprocessing = 0;
		};
		5D359A652AD73B41002BA943 /* Frameworks */ = {
			isa = PBXFrameworksBuildPhase;
			buildActionMask = 2147483647;
			files = (
			);
			runOnlyForDeploymentPostprocessing = 0;
		};
/* End PBXFrameworksBuildPhase section */

/* Begin PBXGroup section */
		5D359A3C2AD73B3F002BA943 = {
			isa = PBXGroup;
			children = (
				5D359A472AD73B3F002BA943 /* CoreDataApp */,
				5D359A612AD73B41002BA943 /* CoreDataAppTests */,
				5D359A6B2AD73B41002BA943 /* CoreDataAppUITests */,
				5D359A462AD73B3F002BA943 /* Products */,
			);
			sourceTree = "<group>";
		};
		5D359A462AD73B3F002BA943 /* Products */ = {
			isa = PBXGroup;
			children = (
				5D359A452AD73B3F002BA943 /* CoreDataApp.app */,
				5D359A5E2AD73B41002BA943 /* CoreDataAppTests.xctest */,
				5D359A682AD73B41002BA943 /* CoreDataAppUITests.xctest */,
			);
			name = Products;
			sourceTree = "<group>";
		};
		5D359A472AD73B3F002BA943 /* CoreDataApp */ = {
			isa = PBXGroup;
			children = (
				5D359A482AD73B3F002BA943 /* AppDelegate.swift */,
				5D359A4A2AD73B3F002BA943 /* SceneDelegate.swift */,
				5D359A4C2AD73B3F002BA943 /* ViewController.swift */,
				5D359A4E2AD73B3F002BA943 /* Main.storyboard */,
				5D359A542AD73B41002BA943 /* Assets.xcassets */,
				5D359A562AD73B41002BA943 /* LaunchScreen.storyboard */,
				5D359A592AD73B41002BA943 /* Info.plist */,
				5D359A512AD73B3F002BA943 /* CoreDataApp.xcdatamodeld */,
			);
			path = CoreDataApp;
			sourceTree = "<group>";
		};
		5D359A612AD73B41002BA943 /* CoreDataAppTests */ = {
			isa = PBXGroup;
			children = (
				5D359A622AD73B41002BA943 /* CoreDataAppTests.swift */,
			);
			path = CoreDataAppTests;
			sourceTree = "<group>";
		};
		5D359A6B2AD73B41002BA943 /* CoreDataAppUITests */ = {
			isa = PBXGroup;
			children = (
				5D359A6C2AD73B41002BA943 /* CoreDataAppUITests.swift */,
				5D359A6E2AD73B41002BA943 /* CoreDataAppUITestsLaunchTests.swift */,
			);
			path = CoreDataAppUITests;
			sourceTree = "<group>";
		};
/* End PBXGroup section */

/* Begin PBXNativeTarget section */
		5D359A442AD73B3F002BA943 /* CoreDataApp */ = {
			isa = PBXNativeTarget;
			buildConfigurationList = 5D359A722AD73B41002BA943 /* Build configuration list for PBXNativeTarget "CoreDataApp" */;
			buildPhases = (
				5D359A412AD73B3F002BA943 /* Sources */,
				5D359A422AD73B3F002BA943 /* Frameworks */,
				5D359A432AD73B3F002BA943 /* Resources */,
			);
			buildRules = (
			);
			dependencies = (
			);
			name = CoreDataApp;
			productName = CoreDataApp;
			productReference = 5D359A452AD73B3F002BA943 /* CoreDataApp.app */;
			productType = "com.apple.product-type.application";
		};
		5D359A5D2AD73B41002BA943 /* CoreDataAppTests */ = {
			isa = PBXNativeTarget;
			buildConfigurationList = 5D359A752AD73B41002BA943 /* Build configuration list for PBXNativeTarget "CoreDataAppTests" */;
			buildPhases = (
				5D359A5A2AD73B41002BA943 /* Sources */,
				5D359A5B2AD73B41002BA943 /* Frameworks */,
				5D359A5C2AD73B41002BA943 /* Resources */,
			);
			buildRules = (
			);
			dependencies = (
				5D359A602AD73B41002BA943 /* PBXTargetDependency */,
			);
			name = CoreDataAppTests;
			productName = CoreDataAppTests;
			productReference = 5D359A5E2AD73B41002BA943 /* CoreDataAppTests.xctest */;
			productType = "com.apple.product-type.bundle.unit-test";
		};
		5D359A672AD73B41002BA943 /* CoreDataAppUITests */ = {
			isa = PBXNativeTarget;
			buildConfigurationList = 5D359A782AD73B41002BA943 /* Build configuration list for PBXNativeTarget "CoreDataAppUITests" */;
			buildPhases = (
				5D359A642AD73B41002BA943 /* Sources */,
				5D359A652AD73B41002BA943 /* Frameworks */,
				5D359A662AD73B41002BA943 /* Resources */,
			);
			buildRules = (
			);
			dependencies = (
				5D359A6A2AD73B41002BA943 /* PBXTargetDependency */,
			);
			name = CoreDataAppUITests;
			productName = CoreDataAppUITests;
			productReference = 5D359A682AD73B41002BA943 /* CoreDataAppUITests.xctest */;
			productType = "com.apple.product-type.bundle.ui-testing";
		};
/* End PBXNativeTarget section */

/* Begin PBXProject section */
		5D359A3D2AD73B3F002BA943 /* Project object */ = {
			isa = PBXProject;
			attributes = {
				BuildIndependentTargetsInParallel = 1;
				LastSwiftUpdateCheck = 1500;
				LastUpgradeCheck = 1500;
				TargetAttributes = {
					5D359A442AD73B3F002BA943 = {
						CreatedOnToolsVersion = 15.0;
					};
					5D359A5D2AD73B41002BA943 = {
						CreatedOnToolsVersion = 15.0;
						TestTargetID = 5D359A442AD73B3F002BA943;
					};
					5D359A672AD73B41002BA943 = {
						CreatedOnToolsVersion = 15.0;
						TestTargetID = 5D359A442AD73B3F002BA943;
					};
				};
			};
			buildConfigurationList = 5D359A402AD73B3F002BA943 /* Build configuration list for PBXProject "CoreDataApp" */;
			compatibilityVersion = "Xcode 14.0";
			developmentRegion = en;
			hasScannedForEncodings = 0;
			knownRegions = (
				en,
				Base,
			);
			mainGroup = 5D359A3C2AD73B3F002BA943;
			productRefGroup = 5D359A462AD73B3F002BA943 /* Products */;
			projectDirPath = "";
			projectRoot = "";
			targets = (
				5D359A442AD73B3F002BA943 /* CoreDataApp */,
				5D359A5D2AD73B41002BA943 /* CoreDataAppTests */,
				5D359A672AD73B41002BA943 /* CoreDataAppUITests */,
			);
		};
/* End PBXProject section */

/* Begin PBXResourcesBuildPhase section */
		5D359A432AD73B3F002BA943 /* Resources */ = {
			isa = PBXResourcesBuildPhase;
			buildActionMask = 2147483647;
			files = (
				5D359A582AD73B41002BA943 /* LaunchScreen.storyboard in Resources */,
				5D359A552AD73B41002BA943 /* Assets.xcassets in Resources */,
				5D359A502AD73B3F002BA943 /* Main.storyboard in Resources */,
			);
			runOnlyForDeploymentPostprocessing = 0;
		};
		5D359A5C2AD73B41002BA943 /* Resources */ = {
			isa = PBXResourcesBuildPhase;
			buildActionMask = 2147483647;
			files = (
			);
			runOnlyForDeploymentPostprocessing = 0;
		};
		5D359A662AD73B41002BA943 /* Resources */ = {
			isa = PBXResourcesBuildPhase;
			buildActionMask = 2147483647;
			files = (
			);
			runOnlyForDeploymentPostprocessing = 0;
		};
/* End PBXResourcesBuildPhase section */

/* Begin PBXSourcesBuildPhase section */
		5D359A412AD73B3F002BA943 /* Sources */ = {
			isa = PBXSourcesBuildPhase;
			buildActionMask = 2147483647;
			files = (
				5D359A532AD73B3F002BA943 /* CoreDataApp.xcdatamodeld in Sources */,
				5D359A4D2AD73B3F002BA943 /* ViewController.swift in Sources */,
				5D359A492AD73B3F002BA943 /* AppDelegate.swift in Sources */,
				5D359A4B2AD73B3F002BA943 /* SceneDelegate.swift in Sources */,
			);
			runOnlyForDeploymentPostprocessing = 0;
		};
		5D359A5A2AD73B41002BA943 /* Sources */ = {
			isa = PBXSourcesBuildPhase;
			buildActionMask = 2147483647;
			files = (
				5D359A632AD73B41002BA943 /* CoreDataAppTests.swift in Sources */,
			);
			runOnlyForDeploymentPostprocessing = 0;
		};
		5D359A642AD73B41002BA943 /* Sources */ = {
			isa = PBXSourcesBuildPhase;
			buildActionMask = 2147483647;
			files = (
				5D359A6D2AD73B41002BA943 /* CoreDataAppUITests.swift in Sources */,
				5D359A6F2AD73B41002BA943 /* CoreDataAppUITestsLaunchTests.swift in Sources */,
			);
			runOnlyForDeploymentPostprocessing = 0;
		};
/* End PBXSourcesBuildPhase section */

/* Begin PBXTargetDependency section */
		5D359A602AD73B41002BA943 /* PBXTargetDependency */ = {
			isa = PBXTargetDependency;
			target = 5D359A442AD73B3F002BA943 /* CoreDataApp */;
			targetProxy = 5D359A5F2AD73B41002BA943 /* PBXContainerItemProxy */;
		};
		5D359A6A2AD73B41002BA943 /* PBXTargetDependency */ = {
			isa = PBXTargetDependency;
			target = 5D359A442AD73B3F002BA943 /* CoreDataApp */;
			targetProxy = 5D359A692AD73B41002BA943 /* PBXContainerItemProxy */;
		};
/* End PBXTargetDependency section */

/* Begin PBXVariantGroup section */
		5D359A4E2AD73B3F002BA943 /* Main.storyboard */ = {
			isa = PBXVariantGroup;
			children = (
				5D359A4F2AD73B3F002BA943 /* Base */,
			);
			name = Main.storyboard;
			sourceTree = "<group>";
		};
		5D359A562AD73B41002BA943 /* LaunchScreen.storyboard */ = {
			isa = PBXVariantGroup;
			children = (
				5D359A572AD73B41002BA943 /* Base */,
			);
			name = LaunchScreen.storyboard;
			sourceTree = "<group>";
		};
/* End PBXVariantGroup section */

/* Begin XCBuildConfiguration section */
		5D359A702AD73B41002BA943 /* Debug */ = {
			isa = XCBuildConfiguration;
			buildSettings = {
				ALWAYS_SEARCH_USER_PATHS = NO;
				ASSETCATALOG_COMPILER_GENERATE_SWIFT_ASSET_SYMBOL_EXTENSIONS = YES;
				CLANG_ANALYZER_NONNULL = YES;
				CLANG_ANALYZER_NUMBER_OBJECT_CONVERSION = YES_AGGRESSIVE;
				CLANG_CXX_LANGUAGE_STANDARD = "gnu++20";
				CLANG_ENABLE_MODULES = YES;
				CLANG_ENABLE_OBJC_ARC = YES;
				CLANG_ENABLE_OBJC_WEAK = YES;
				CLANG_WARN_BLOCK_CAPTURE_AUTORELEASING = YES;
				CLANG_WARN_BOOL_CONVERSION = YES;
				CLANG_WARN_COMMA = YES;
				CLANG_WARN_CONSTANT_CONVERSION = YES;
				CLANG_WARN_DEPRECATED_OBJC_IMPLEMENTATIONS = YES;
				CLANG_WARN_DIRECT_OBJC_ISA_USAGE = YES_ERROR;
				CLANG_WARN_DOCUMENTATION_COMMENTS = YES;
				CLANG_WARN_EMPTY_BODY = YES;
				CLANG_WARN_ENUM_CONVERSION = YES;
				CLANG_WARN_INFINITE_RECURSION = YES;
				CLANG_WARN_INT_CONVERSION = YES;
				CLANG_WARN_NON_LITERAL_NULL_CONVERSION = YES;
				CLANG_WARN_OBJC_IMPLICIT_RETAIN_SELF = YES;
				CLANG_WARN_OBJC_LITERAL_CONVERSION = YES;
				CLANG_WARN_OBJC_ROOT_CLASS = YES_ERROR;
				CLANG_WARN_QUOTED_INCLUDE_IN_FRAMEWORK_HEADER = YES;
				CLANG_WARN_RANGE_LOOP_ANALYSIS = YES;
				CLANG_WARN_STRICT_PROTOTYPES = YES;
				CLANG_WARN_SUSPICIOUS_MOVE = YES;
				CLANG_WARN_UNGUARDED_AVAILABILITY = YES_AGGRESSIVE;
				CLANG_WARN_UNREACHABLE_CODE = YES;
				CLANG_WARN__DUPLICATE_METHOD_MATCH = YES;
				COPY_PHASE_STRIP = NO;
				DEBUG_INFORMATION_FORMAT = dwarf;
				ENABLE_STRICT_OBJC_MSGSEND = YES;
				ENABLE_TESTABILITY = YES;
				ENABLE_USER_SCRIPT_SANDBOXING = YES;
				GCC_C_LANGUAGE_STANDARD = gnu17;
				GCC_DYNAMIC_NO_PIC = NO;
				GCC_NO_COMMON_BLOCKS = YES;
				GCC_OPTIMIZATION_LEVEL = 0;
				GCC_PREPROCESSOR_DEFINITIONS = (
					"DEBUG=1",
					"$(inherited)",
				);
				GCC_WARN_64_TO_32_BIT_CONVERSION = YES;
				GCC_WARN_ABOUT_RETURN_TYPE = YES_ERROR;
				GCC_WARN_UNDECLARED_SELECTOR = YES;
				GCC_WARN_UNINITIALIZED_AUTOS = YES_AGGRESSIVE;
				GCC_WARN_UNUSED_FUNCTION = YES;
				GCC_WARN_UNUSED_VARIABLE = YES;
				IPHONEOS_DEPLOYMENT_TARGET = 17.0;
				LOCALIZATION_PREFERS_STRING_CATALOGS = YES;
				MTL_ENABLE_DEBUG_INFO = INCLUDE_SOURCE;
				MTL_FAST_MATH = YES;
				ONLY_ACTIVE_ARCH = YES;
				SDKROOT = iphoneos;
				SWIFT_ACTIVE_COMPILATION_CONDITIONS = "DEBUG $(inherited)";
				SWIFT_OPTIMIZATION_LEVEL = "-Onone";
			};
			name = Debug;
		};
		5D359A712AD73B41002BA943 /* Release */ = {
			isa = XCBuildConfiguration;
			buildSettings = {
				ALWAYS_SEARCH_USER_PATHS = NO;
				ASSETCATALOG_COMPILER_GENERATE_SWIFT_ASSET_SYMBOL_EXTENSIONS = YES;
				CLANG_ANALYZER_NONNULL = YES;
				CLANG_ANALYZER_NUMBER_OBJECT_CONVERSION = YES_AGGRESSIVE;
				CLANG_CXX_LANGUAGE_STANDARD = "gnu++20";
				CLANG_ENABLE_MODULES = YES;
				CLANG_ENABLE_OBJC_ARC = YES;
				CLANG_ENABLE_OBJC_WEAK = YES;
				CLANG_WARN_BLOCK_CAPTURE_AUTORELEASING = YES;
				CLANG_WARN_BOOL_CONVERSION = YES;
				CLANG_WARN_COMMA = YES;
				CLANG_WARN_CONSTANT_CONVERSION = YES;
				CLANG_WARN_DEPRECATED_OBJC_IMPLEMENTATIONS = YES;
				CLANG_WARN_DIRECT_OBJC_ISA_USAGE = YES_ERROR;
				CLANG_WARN_DOCUMENTATION_COMMENTS = YES;
				CLANG_WARN_EMPTY_BODY = YES;
				CLANG_WARN_ENUM_CONVERSION = YES;
				CLANG_WARN_INFINITE_RECURSION = YES;
				CLANG_WARN_INT_CONVERSION = YES;
				CLANG_WARN_NON_LITERAL_NULL_CONVERSION = YES;
				CLANG_WARN_OBJC_IMPLICIT_RETAIN_SELF = YES;
				CLANG_WARN_OBJC_LITERAL_CONVERSION = YES;
				CLANG_WARN_OBJC_ROOT_CLASS = YES_ERROR;
				CLANG_WARN_QUOTED_INCLUDE_IN_FRAMEWORK_HEADER = YES;
				CLANG_WARN_RANGE_LOOP_ANALYSIS = YES;
				CLANG_WARN_STRICT_PROTOTYPES = YES;
				CLANG_WARN_SUSPICIOUS_MOVE = YES;
				CLANG_WARN_UNGUARDED_AVAILABILITY = YES_AGGRESSIVE;
				CLANG_WARN_UNREACHABLE_CODE = YES;
				CLANG_WARN__DUPLICATE_METHOD_MATCH = YES;
				COPY_PHASE_STRIP = NO;
				DEBUG_INFORMATION_FORMAT = "dwarf-with-dsym";
				ENABLE_NS_ASSERTIONS = NO;
				ENABLE_STRICT_OBJC_MSGSEND = YES;
				ENABLE_USER_SCRIPT_SANDBOXING = YES;
				GCC_C_LANGUAGE_STANDARD = gnu17;
				GCC_NO_COMMON_BLOCKS = YES;
				GCC_WARN_64_TO_32_BIT_CONVERSION = YES;
				GCC_WARN_ABOUT_RETURN_TYPE = YES_ERROR;
				GCC_WARN_UNDECLARED_SELECTOR = YES;
				GCC_WARN_UNINITIALIZED_AUTOS = YES_AGGRESSIVE;
				GCC_WARN_UNUSED_FUNCTION = YES;
				GCC_WARN_UNUSED_VARIABLE = YES;
				IPHONEOS_DEPLOYMENT_TARGET = 17.0;
				LOCALIZATION_PREFERS_STRING_CATALOGS = YES;
				MTL_ENABLE_DEBUG_INFO = NO;
				MTL_FAST_MATH = YES;
				SDKROOT = iphoneos;
				SWIFT_COMPILATION_MODE = wholemodule;
				VALIDATE_PRODUCT = YES;
			};
			name = Release;
		};
		5D359A732AD73B41002BA943 /* Debug */ = {
			isa = XCBuildConfiguration;
			buildSettings = {
				ASSETCATALOG_COMPILER_APPICON_NAME = AppIcon;
				ASSETCATALOG_COMPILER_GLOBAL_ACCENT_COLOR_NAME = AccentColor;
				CODE_SIGN_STYLE = Automatic;
				CURRENT_PROJECT_VERSION = 1;
				DEVELOPMENT_TEAM = 9GK3478S4Z;
				GENERATE_INFOPLIST_FILE = YES;
				INFOPLIST_FILE = CoreDataApp/Info.plist;
				INFOPLIST_KEY_UIApplicationSupportsIndirectInputEvents = YES;
				INFOPLIST_KEY_UILaunchStoryboardName = LaunchScreen;
				INFOPLIST_KEY_UIMainStoryboardFile = Main;
				INFOPLIST_KEY_UISupportedInterfaceOrientations_iPad = "UIInterfaceOrientationPortrait UIInterfaceOrientationPortraitUpsideDown UIInterfaceOrientationLandscapeLeft UIInterfaceOrientationLandscapeRight";
				INFOPLIST_KEY_UISupportedInterfaceOrientations_iPhone = "UIInterfaceOrientationPortrait UIInterfaceOrientationLandscapeLeft UIInterfaceOrientationLandscapeRight";
				LD_RUNPATH_SEARCH_PATHS = (
					"$(inherited)",
					"@executable_path/Frameworks",
				);
				MARKETING_VERSION = 1.0;
				PRODUCT_BUNDLE_IDENTIFIER = com.DanielCazorro.CoreDataApp;
				PRODUCT_NAME = "$(TARGET_NAME)";
				SWIFT_EMIT_LOC_STRINGS = YES;
				SWIFT_VERSION = 5.0;
				TARGETED_DEVICE_FAMILY = "1,2";
			};
			name = Debug;
		};
		5D359A742AD73B41002BA943 /* Release */ = {
			isa = XCBuildConfiguration;
			buildSettings = {
				ASSETCATALOG_COMPILER_APPICON_NAME = AppIcon;
				ASSETCATALOG_COMPILER_GLOBAL_ACCENT_COLOR_NAME = AccentColor;
				CODE_SIGN_STYLE = Automatic;
				CURRENT_PROJECT_VERSION = 1;
				DEVELOPMENT_TEAM = 9GK3478S4Z;
				GENERATE_INFOPLIST_FILE = YES;
				INFOPLIST_FILE = CoreDataApp/Info.plist;
				INFOPLIST_KEY_UIApplicationSupportsIndirectInputEvents = YES;
				INFOPLIST_KEY_UILaunchStoryboardName = LaunchScreen;
				INFOPLIST_KEY_UIMainStoryboardFile = Main;
				INFOPLIST_KEY_UISupportedInterfaceOrientations_iPad = "UIInterfaceOrientationPortrait UIInterfaceOrientationPortraitUpsideDown UIInterfaceOrientationLandscapeLeft UIInterfaceOrientationLandscapeRight";
				INFOPLIST_KEY_UISupportedInterfaceOrientations_iPhone = "UIInterfaceOrientationPortrait UIInterfaceOrientationLandscapeLeft UIInterfaceOrientationLandscapeRight";
				LD_RUNPATH_SEARCH_PATHS = (
					"$(inherited)",
					"@executable_path/Frameworks",
				);
				MARKETING_VERSION = 1.0;
				PRODUCT_BUNDLE_IDENTIFIER = com.DanielCazorro.CoreDataApp;
				PRODUCT_NAME = "$(TARGET_NAME)";
				SWIFT_EMIT_LOC_STRINGS = YES;
				SWIFT_VERSION = 5.0;
				TARGETED_DEVICE_FAMILY = "1,2";
			};
			name = Release;
		};
		5D359A762AD73B41002BA943 /* Debug */ = {
			isa = XCBuildConfiguration;
			buildSettings = {
				ALWAYS_EMBED_SWIFT_STANDARD_LIBRARIES = YES;
				BUNDLE_LOADER = "$(TEST_HOST)";
				CODE_SIGN_STYLE = Automatic;
				CURRENT_PROJECT_VERSION = 1;
				DEVELOPMENT_TEAM = 9GK3478S4Z;
				GENERATE_INFOPLIST_FILE = YES;
				IPHONEOS_DEPLOYMENT_TARGET = 17.0;
				MARKETING_VERSION = 1.0;
				PRODUCT_BUNDLE_IDENTIFIER = com.DanielCazorro.CoreDataAppTests;
				PRODUCT_NAME = "$(TARGET_NAME)";
				SWIFT_EMIT_LOC_STRINGS = NO;
				SWIFT_VERSION = 5.0;
				TARGETED_DEVICE_FAMILY = "1,2";
				TEST_HOST = "$(BUILT_PRODUCTS_DIR)/CoreDataApp.app/$(BUNDLE_EXECUTABLE_FOLDER_PATH)/CoreDataApp";
			};
			name = Debug;
		};
		5D359A772AD73B41002BA943 /* Release */ = {
			isa = XCBuildConfiguration;
			buildSettings = {
				ALWAYS_EMBED_SWIFT_STANDARD_LIBRARIES = YES;
				BUNDLE_LOADER = "$(TEST_HOST)";
				CODE_SIGN_STYLE = Automatic;
				CURRENT_PROJECT_VERSION = 1;
				DEVELOPMENT_TEAM = 9GK3478S4Z;
				GENERATE_INFOPLIST_FILE = YES;
				IPHONEOS_DEPLOYMENT_TARGET = 17.0;
				MARKETING_VERSION = 1.0;
				PRODUCT_BUNDLE_IDENTIFIER = com.DanielCazorro.CoreDataAppTests;
				PRODUCT_NAME = "$(TARGET_NAME)";
				SWIFT_EMIT_LOC_STRINGS = NO;
				SWIFT_VERSION = 5.0;
				TARGETED_DEVICE_FAMILY = "1,2";
				TEST_HOST = "$(BUILT_PRODUCTS_DIR)/CoreDataApp.app/$(BUNDLE_EXECUTABLE_FOLDER_PATH)/CoreDataApp";
			};
			name = Release;
		};
		5D359A792AD73B41002BA943 /* Debug */ = {
			isa = XCBuildConfiguration;
			buildSettings = {
				ALWAYS_EMBED_SWIFT_STANDARD_LIBRARIES = YES;
				CODE_SIGN_STYLE = Automatic;
				CURRENT_PROJECT_VERSION = 1;
				DEVELOPMENT_TEAM = 9GK3478S4Z;
				GENERATE_INFOPLIST_FILE = YES;
				MARKETING_VERSION = 1.0;
				PRODUCT_BUNDLE_IDENTIFIER = com.DanielCazorro.CoreDataAppUITests;
				PRODUCT_NAME = "$(TARGET_NAME)";
				SWIFT_EMIT_LOC_STRINGS = NO;
				SWIFT_VERSION = 5.0;
				TARGETED_DEVICE_FAMILY = "1,2";
				TEST_TARGET_NAME = CoreDataApp;
			};
			name = Debug;
		};
		5D359A7A2AD73B41002BA943 /* Release */ = {
			isa = XCBuildConfiguration;
			buildSettings = {
				ALWAYS_EMBED_SWIFT_STANDARD_LIBRARIES = YES;
				CODE_SIGN_STYLE = Automatic;
				CURRENT_PROJECT_VERSION = 1;
				DEVELOPMENT_TEAM = 9GK3478S4Z;
				GENERATE_INFOPLIST_FILE = YES;
				MARKETING_VERSION = 1.0;
				PRODUCT_BUNDLE_IDENTIFIER = com.DanielCazorro.CoreDataAppUITests;
				PRODUCT_NAME = "$(TARGET_NAME)";
				SWIFT_EMIT_LOC_STRINGS = NO;
				SWIFT_VERSION = 5.0;
				TARGETED_DEVICE_FAMILY = "1,2";
				TEST_TARGET_NAME = CoreDataApp;
			};
			name = Release;
		};
/* End XCBuildConfiguration section */

/* Begin XCConfigurationList section */
		5D359A402AD73B3F002BA943 /* Build configuration list for PBXProject "CoreDataApp" */ = {
			isa = XCConfigurationList;
			buildConfigurations = (
				5D359A702AD73B41002BA943 /* Debug */,
				5D359A712AD73B41002BA943 /* Release */,
			);
			defaultConfigurationIsVisible = 0;
			defaultConfigurationName = Release;
		};
		5D359A722AD73B41002BA943 /* Build configuration list for PBXNativeTarget "CoreDataApp" */ = {
			isa = XCConfigurationList;
			buildConfigurations = (
				5D359A732AD73B41002BA943 /* Debug */,
				5D359A742AD73B41002BA943 /* Release */,
			);
			defaultConfigurationIsVisible = 0;
			defaultConfigurationName = Release;
		};
		5D359A752AD73B41002BA943 /* Build configuration list for PBXNativeTarget "CoreDataAppTests" */ = {
			isa = XCConfigurationList;
			buildConfigurations = (
				5D359A762AD73B41002BA943 /* Debug */,
				5D359A772AD73B41002BA943 /* Release */,
			);
			defaultConfigurationIsVisible = 0;
			defaultConfigurationName = Release;
		};
		5D359A782AD73B41002BA943 /* Build configuration list for PBXNativeTarget "CoreDataAppUITests" */ = {
			isa = XCConfigurationList;
			buildConfigurations = (
				5D359A792AD73B41002BA943 /* Debug */,
				5D359A7A2AD73B41002BA943 /* Release */,
			);
			defaultConfigurationIsVisible = 0;
			defaultConfigurationName = Release;
		};
/* End XCConfigurationList section */

/* Begin XCVersionGroup section */
		5D359A512AD73B3F002BA943 /* CoreDataApp.xcdatamodeld */ = {
			isa = XCVersionGroup;
			children = (
				5D359A522AD73B3F002BA943 /* CoreDataApp.xcdatamodel */,
			);
			currentVersion = 5D359A522AD73B3F002BA943 /* CoreDataApp.xcdatamodel */;
			path = CoreDataApp.xcdatamodeld;
			sourceTree = "<group>";
			versionGroupType = wrapper.xcdatamodel;
		};
/* End XCVersionGroup section */
	};
	rootObject = 5D359A3D2AD73B3F002BA943 /* Project object */;
}
